
Microsoft Visual Studio Solution File, Format Version 12.00
# Visual Studio Version 16
VisualStudioVersion = 16.0.31205.134
MinimumVisualStudioVersion = 10.0.40219.1
Project("{9A19103F-16F7-4668-BE54-9A1E7A4F7556}") = "PasswordValidator-1005", "PasswordValidator-1005\PasswordValidator-1005.csproj", "{6377A975-F394-40EE-B8E3-65F3C711CA6F}"
EndProject
Project("{9A19103F-16F7-4668-BE54-9A1E7A4F7556}") = "PasswordValidator", "PasswordValidator\PasswordValidator.csproj", "{D00A9052-1ACB-42B1-9971-592D98DF1981}"
EndProject
Project("{9A19103F-16F7-4668-BE54-9A1E7A4F7556}") = "PasswordValidatorData", "PasswordValidatorData\PasswordValidatorData.csproj", "{71920070-6744-4116-92DA-986220DFFA31}"
EndProject
Project("{FAE04EC0-301F-11D3-BF4B-00C04F79EFBC}") = "WpfApplication", "WpfApplication\WpfApplication.csproj", "{34272740-7854-478B-84DF-713E8D813C36}"
EndProject
Global
	GlobalSection(SolutionConfigurationPlatforms) = preSolution
		Debug|Any CPU = Debug|Any CPU
		Release|Any CPU = Release|Any CPU
	EndGlobalSection
	GlobalSection(ProjectConfigurationPlatforms) = postSolution
		{6377A975-F394-40EE-B8E3-65F3C711CA6F}.Debug|Any CPU.ActiveCfg = Debug|Any CPU
		{6377A975-F394-40EE-B8E3-65F3C711CA6F}.Debug|Any CPU.Build.0 = Debug|Any CPU
		{6377A975-F394-40EE-B8E3-65F3C711CA6F}.Release|Any CPU.ActiveCfg = Release|Any CPU
		{6377A975-F394-40EE-B8E3-65F3C711CA6F}.Release|Any CPU.Build.0 = Release|Any CPU
		{D00A9052-1ACB-42B1-9971-592D98DF1981}.Debug|Any CPU.ActiveCfg = Debug|Any CPU
		{D00A9052-1ACB-42B1-9971-592D98DF1981}.Debug|Any CPU.Build.0 = Debug|Any CPU
		{D00A9052-1ACB-42B1-9971-592D98DF1981}.Release|Any CPU.ActiveCfg = Release|Any CPU
		{D00A9052-1ACB-42B1-9971-592D98DF1981}.Release|Any CPU.Build.0 = Release|Any CPU
		{71920070-6744-4116-92DA-986220DFFA31}.Debug|Any CPU.ActiveCfg = Debug|Any CPU
		{71920070-6744-4116-92DA-986220DFFA31}.Debug|Any CPU.Build.0 = Debug|Any CPU
		{71920070-6744-4116-92DA-986220DFFA31}.Release|Any CPU.ActiveCfg = Release|Any CPU
		{71920070-6744-4116-92DA-986220DFFA31}.Release|Any CPU.Build.0 = Release|Any CPU
		{34272740-7854-478B-84DF-713E8D813C36}.Debug|Any CPU.ActiveCfg = Debug|Any CPU
		{34272740-7854-478B-84DF-713E8D813C36}.Debug|Any CPU.Build.0 = Debug|Any CPU
		{34272740-7854-478B-84DF-713E8D813C36}.Release|Any CPU.ActiveCfg = Release|Any CPU
		{34272740-7854-478B-84DF-713E8D813C36}.Release|Any CPU.Build.0 = Release|Any CPU
	EndGlobalSection
	GlobalSection(SolutionProperties) = preSolution
		HideSolutionNode = FALSE
	EndGlobalSection
	GlobalSection(ExtensibilityGlobals) = postSolution
		SolutionGuid = {648BBD47-88BB-4F73-BB81-12B6147638BB}
	EndGlobalSection
EndGlobal
